{
  "name": "collection3",
  "version": "1.0.0",
  "lockfileVersion": 1,
  "requires": true,
  "dependencies": {
    "readline-sync": {
      "version": "1.4.10",
      "resolved": "https://registry.npmjs.org/readline-sync/-/readline-sync-1.4.10.tgz",
      "integrity": "sha512-gNva8/6UAe8QYepIQH/jQ2qn91Qj0B9sYjMBBs3QOB8F2CXcKgLxQaJRP76sWVRQt+QU+8fAkCbCvjjMFu7Ycw=="
    },
    "replaceall": {
      "version": "0.1.6",
      "resolved": "https://registry.npmjs.org/replaceall/-/replaceall-0.1.6.tgz",
      "integrity": "sha1-gdgax663LX9cSUKt8ml6MiBojY4="
    },
    "utf8": {
      "version": "3.0.0",
      "resolved": "https://registry.npmjs.org/utf8/-/utf8-3.0.0.tgz",
      "integrity": "sha512-E8VjFIQ/TyQgp+TZfS6l8yp/xWppSAHzidGiRrqe4bK4XP9pTRyKFgGJpO3SN7zdX4DeomTrwaseCHovfpFcqQ=="
    },
    "written-number": {
      "version": "0.9.1",
      "resolved": "https://registry.npmjs.org/written-number/-/written-number-0.9.1.tgz",
      "integrity": "sha512-tl2EquIdCYnEeGu3p71GRsEJSqnD15CXjVtR6Hl0AFO0PrQ+SATIe3Sf4phaaKwLIuGRzWmA4+sThjJCZqwK1A=="
    }
  }
}
